
Microsoft Visual Studio Solution File, Format Version 12.00
# Visual Studio Version 16
VisualStudioVersion = 16.0.31624.102
MinimumVisualStudioVersion = 10.0.40219.1
Project("{FAE04EC0-301F-11D3-BF4B-00C04F79EFBC}") = "Lab_10", "Lab_10\Lab_10.csproj", "{C3E9955C-FAB8-4BE5-A2B4-4435BB111FC2}"
EndProject
Project("{FAE04EC0-301F-11D3-BF4B-00C04F79EFBC}") = "Commerce", "Commerce\Commerce.csproj", "{E0F0490B-A32D-43EC-821F-A17E91827001}"
EndProject
Project("{FAE04EC0-301F-11D3-BF4B-00C04F79EFBC}") = "Build", "Build\Build.csproj", "{F09F42B1-86C3-4CF2-BB33-8A685829AC0D}"
EndProject
Project("{FAE04EC0-301F-11D3-BF4B-00C04F79EFBC}") = "Homework", "Homework\Homework.csproj", "{632314B8-119F-4A89-8303-FBDE3F883EC4}"
EndProject
Global
	GlobalSection(SolutionConfigurationPlatforms) = preSolution
		Debug|Any CPU = Debug|Any CPU
		Release|Any CPU = Release|Any CPU
	EndGlobalSection
	GlobalSection(ProjectConfigurationPlatforms) = postSolution
		{C3E9955C-FAB8-4BE5-A2B4-4435BB111FC2}.Debug|Any CPU.ActiveCfg = Debug|Any CPU
		{C3E9955C-FAB8-4BE5-A2B4-4435BB111FC2}.Debug|Any CPU.Build.0 = Debug|Any CPU
		{C3E9955C-FAB8-4BE5-A2B4-4435BB111FC2}.Release|Any CPU.ActiveCfg = Release|Any CPU
		{C3E9955C-FAB8-4BE5-A2B4-4435BB111FC2}.Release|Any CPU.Build.0 = Release|Any CPU
		{E0F0490B-A32D-43EC-821F-A17E91827001}.Debug|Any CPU.ActiveCfg = Debug|Any CPU
		{E0F0490B-A32D-43EC-821F-A17E91827001}.Debug|Any CPU.Build.0 = Debug|Any CPU
		{E0F0490B-A32D-43EC-821F-A17E91827001}.Release|Any CPU.ActiveCfg = Release|Any CPU
		{E0F0490B-A32D-43EC-821F-A17E91827001}.Release|Any CPU.Build.0 = Release|Any CPU
		{F09F42B1-86C3-4CF2-BB33-8A685829AC0D}.Debug|Any CPU.ActiveCfg = Debug|Any CPU
		{F09F42B1-86C3-4CF2-BB33-8A685829AC0D}.Debug|Any CPU.Build.0 = Debug|Any CPU
		{F09F42B1-86C3-4CF2-BB33-8A685829AC0D}.Release|Any CPU.ActiveCfg = Release|Any CPU
		{F09F42B1-86C3-4CF2-BB33-8A685829AC0D}.Release|Any CPU.Build.0 = Release|Any CPU
		{632314B8-119F-4A89-8303-FBDE3F883EC4}.Debug|Any CPU.ActiveCfg = Debug|Any CPU
		{632314B8-119F-4A89-8303-FBDE3F883EC4}.Debug|Any CPU.Build.0 = Debug|Any CPU
		{632314B8-119F-4A89-8303-FBDE3F883EC4}.Release|Any CPU.ActiveCfg = Release|Any CPU
		{632314B8-119F-4A89-8303-FBDE3F883EC4}.Release|Any CPU.Build.0 = Release|Any CPU
	EndGlobalSection
	GlobalSection(SolutionProperties) = preSolution
		HideSolutionNode = FALSE
	EndGlobalSection
	GlobalSection(ExtensibilityGlobals) = postSolution
		SolutionGuid = {72594092-3D12-49B9-9DEE-BF5BFABCB211}
	EndGlobalSection
EndGlobal
